{
  "name": "xterm-app",
  "version": "1.0.0",
  "lockfileVersion": 1,
  "requires": true,
  "dependencies": {
    "esm": {
      "version": "3.2.25",
      "resolved": "https://registry.npmjs.org/esm/-/esm-3.2.25.tgz",
      "integrity": "sha512-U1suiZ2oDVWv4zPO56S0NcR5QriEahGtdN2OR6FiOG4WJvcjBVFB0qI4+eKoWFH483PKGuLuu6V8Z4T5g63UVA=="
    },
    "xterm": {
      "version": "4.4.0",
      "resolved": "https://registry.npmjs.org/xterm/-/xterm-4.4.0.tgz",
      "integrity": "sha512-JGIpigWM3EBWvnS3rtBuefkiToIILSK1HYMXy4BCsUpO+O4UeeV+/U1AdAXgCB6qJrnPNb7yLgBsVCQUNMteig=="
    },
    "xterm-addon-attach": {
      "version": "0.5.0",
      "resolved": "https://registry.npmjs.org/xterm-addon-attach/-/xterm-addon-attach-0.5.0.tgz",
      "integrity": "sha512-L6ThPjF/fVt+gJS2+2h2rEEAXNxIRmCU8/RCM6rYR08K9GtPiHmYcnpRT7WNJf31yFLpWVA8dKcItfP3C0ZKlA=="
    },
    "xterm-addon-web-links": {
      "version": "0.2.1",
      "resolved": "https://registry.npmjs.org/xterm-addon-web-links/-/xterm-addon-web-links-0.2.1.tgz",
      "integrity": "sha512-2KnHtiq0IG7hfwv3jw2/jQeH1RBk2d5CH4zvgwQe00rLofSJqSfgnJ7gwowxxpGHrpbPr6Lv4AmH/joaNw2+HQ=="
    }
  }
}
